
Microsoft Visual Studio Solution File, Format Version 12.00
Project("{FAE04EC0-301F-11D3-BF4B-00C04F79EFBC}") = "HW1", "HW1\HW1.csproj", "{E29CB0E0-5194-48F5-82A9-EDFE0D790748}"
EndProject
Project("{FAE04EC0-301F-11D3-BF4B-00C04F79EFBC}") = "HW1_Server", "HW1_Server\HW1_Server.csproj", "{AAFDF47E-C310-45FB-981E-ADA630CF6448}"
EndProject
Project("{FAE04EC0-301F-11D3-BF4B-00C04F79EFBC}") = "HW1_Client", "HW1_Client\HW1_Client.csproj", "{A4F512B5-6D99-497F-B4DE-E7CE7AD38943}"
EndProject
Project("{FAE04EC0-301F-11D3-BF4B-00C04F79EFBC}") = "HW2_Server", "HW2_Server\HW2_Server.csproj", "{EE5EF575-05E7-493B-9180-513AEAFC03A0}"
EndProject
Project("{FAE04EC0-301F-11D3-BF4B-00C04F79EFBC}") = "HW2_Client", "HW2_Client\HW2_Client.csproj", "{554E8E1C-9615-4EB8-B694-7531AE4B3386}"
EndProject
Project("{FAE04EC0-301F-11D3-BF4B-00C04F79EFBC}") = "HW3_Client", "HW3_Client\HW3_Client.csproj", "{2C3D4C6B-420E-4D34-9BC9-02C299205CCD}"
EndProject
Project("{FAE04EC0-301F-11D3-BF4B-00C04F79EFBC}") = "HW3_Server", "HW3_Server\HW3_Server.csproj", "{CD846C5C-DC09-479A-A24F-148D9ABBFACD}"
EndProject
Project("{FAE04EC0-301F-11D3-BF4B-00C04F79EFBC}") = "HW4_Client", "HW4_Client\HW4_Client.csproj", "{34002A20-F3C9-4D73-BE95-8D7787EFAFC8}"
EndProject
Project("{FAE04EC0-301F-11D3-BF4B-00C04F79EFBC}") = "HW4_Server", "HW4_Server\HW4_Server.csproj", "{6CB1DB26-85C9-483F-8B38-F8C26B3F61A3}"
EndProject
Project("{FAE04EC0-301F-11D3-BF4B-00C04F79EFBC}") = "HW4", "HW4\HW4.csproj", "{160F8087-3B7C-483F-9989-1B075DFF9E8B}"
EndProject
Project("{FAE04EC0-301F-11D3-BF4B-00C04F79EFBC}") = "HW5", "HW5\HW5.csproj", "{71360A8A-6C59-42AD-B642-524DF56D316D}"
EndProject
Project("{FAE04EC0-301F-11D3-BF4B-00C04F79EFBC}") = "HW6", "HW6\HW6.csproj", "{FA13995D-C773-47AE-B4A6-52F99D2DA96E}"
EndProject
Project("{FAE04EC0-301F-11D3-BF4B-00C04F79EFBC}") = "HW7", "HW7\HW7.csproj", "{19456D9B-E28C-4F3A-B2BB-AA16155DE358}"
EndProject
Project("{FAE04EC0-301F-11D3-BF4B-00C04F79EFBC}") = "HW7_Client", "HW7_Client\HW7_Client.csproj", "{F5641A8F-EBE4-4868-A841-E95088883191}"
EndProject
Project("{FAE04EC0-301F-11D3-BF4B-00C04F79EFBC}") = "HW7_Server", "HW7_Server\HW7_Server.csproj", "{7C879331-0C5D-4490-B34F-644DC5C100B5}"
EndProject
Global
	GlobalSection(SolutionConfigurationPlatforms) = preSolution
		Debug|Any CPU = Debug|Any CPU
		Release|Any CPU = Release|Any CPU
	EndGlobalSection
	GlobalSection(ProjectConfigurationPlatforms) = postSolution
		{E29CB0E0-5194-48F5-82A9-EDFE0D790748}.Debug|Any CPU.ActiveCfg = Debug|Any CPU
		{E29CB0E0-5194-48F5-82A9-EDFE0D790748}.Debug|Any CPU.Build.0 = Debug|Any CPU
		{E29CB0E0-5194-48F5-82A9-EDFE0D790748}.Release|Any CPU.ActiveCfg = Release|Any CPU
		{E29CB0E0-5194-48F5-82A9-EDFE0D790748}.Release|Any CPU.Build.0 = Release|Any CPU
		{AAFDF47E-C310-45FB-981E-ADA630CF6448}.Debug|Any CPU.ActiveCfg = Debug|Any CPU
		{AAFDF47E-C310-45FB-981E-ADA630CF6448}.Debug|Any CPU.Build.0 = Debug|Any CPU
		{AAFDF47E-C310-45FB-981E-ADA630CF6448}.Release|Any CPU.ActiveCfg = Release|Any CPU
		{AAFDF47E-C310-45FB-981E-ADA630CF6448}.Release|Any CPU.Build.0 = Release|Any CPU
		{A4F512B5-6D99-497F-B4DE-E7CE7AD38943}.Debug|Any CPU.ActiveCfg = Debug|Any CPU
		{A4F512B5-6D99-497F-B4DE-E7CE7AD38943}.Debug|Any CPU.Build.0 = Debug|Any CPU
		{A4F512B5-6D99-497F-B4DE-E7CE7AD38943}.Release|Any CPU.ActiveCfg = Release|Any CPU
		{A4F512B5-6D99-497F-B4DE-E7CE7AD38943}.Release|Any CPU.Build.0 = Release|Any CPU
		{EE5EF575-05E7-493B-9180-513AEAFC03A0}.Debug|Any CPU.ActiveCfg = Debug|Any CPU
		{EE5EF575-05E7-493B-9180-513AEAFC03A0}.Debug|Any CPU.Build.0 = Debug|Any CPU
		{EE5EF575-05E7-493B-9180-513AEAFC03A0}.Release|Any CPU.ActiveCfg = Release|Any CPU
		{EE5EF575-05E7-493B-9180-513AEAFC03A0}.Release|Any CPU.Build.0 = Release|Any CPU
		{554E8E1C-9615-4EB8-B694-7531AE4B3386}.Debug|Any CPU.ActiveCfg = Debug|Any CPU
		{554E8E1C-9615-4EB8-B694-7531AE4B3386}.Debug|Any CPU.Build.0 = Debug|Any CPU
		{554E8E1C-9615-4EB8-B694-7531AE4B3386}.Release|Any CPU.ActiveCfg = Release|Any CPU
		{554E8E1C-9615-4EB8-B694-7531AE4B3386}.Release|Any CPU.Build.0 = Release|Any CPU
		{2C3D4C6B-420E-4D34-9BC9-02C299205CCD}.Debug|Any CPU.ActiveCfg = Debug|Any CPU
		{2C3D4C6B-420E-4D34-9BC9-02C299205CCD}.Debug|Any CPU.Build.0 = Debug|Any CPU
		{2C3D4C6B-420E-4D34-9BC9-02C299205CCD}.Release|Any CPU.ActiveCfg = Release|Any CPU
		{2C3D4C6B-420E-4D34-9BC9-02C299205CCD}.Release|Any CPU.Build.0 = Release|Any CPU
		{CD846C5C-DC09-479A-A24F-148D9ABBFACD}.Debug|Any CPU.ActiveCfg = Debug|Any CPU
		{CD846C5C-DC09-479A-A24F-148D9ABBFACD}.Debug|Any CPU.Build.0 = Debug|Any CPU
		{CD846C5C-DC09-479A-A24F-148D9ABBFACD}.Release|Any CPU.ActiveCfg = Release|Any CPU
		{CD846C5C-DC09-479A-A24F-148D9ABBFACD}.Release|Any CPU.Build.0 = Release|Any CPU
		{34002A20-F3C9-4D73-BE95-8D7787EFAFC8}.Debug|Any CPU.ActiveCfg = Debug|Any CPU
		{34002A20-F3C9-4D73-BE95-8D7787EFAFC8}.Debug|Any CPU.Build.0 = Debug|Any CPU
		{34002A20-F3C9-4D73-BE95-8D7787EFAFC8}.Release|Any CPU.ActiveCfg = Release|Any CPU
		{34002A20-F3C9-4D73-BE95-8D7787EFAFC8}.Release|Any CPU.Build.0 = Release|Any CPU
		{6CB1DB26-85C9-483F-8B38-F8C26B3F61A3}.Debug|Any CPU.ActiveCfg = Debug|Any CPU
		{6CB1DB26-85C9-483F-8B38-F8C26B3F61A3}.Debug|Any CPU.Build.0 = Debug|Any CPU
		{6CB1DB26-85C9-483F-8B38-F8C26B3F61A3}.Release|Any CPU.ActiveCfg = Release|Any CPU
		{6CB1DB26-85C9-483F-8B38-F8C26B3F61A3}.Release|Any CPU.Build.0 = Release|Any CPU
		{160F8087-3B7C-483F-9989-1B075DFF9E8B}.Debug|Any CPU.ActiveCfg = Debug|Any CPU
		{160F8087-3B7C-483F-9989-1B075DFF9E8B}.Debug|Any CPU.Build.0 = Debug|Any CPU
		{160F8087-3B7C-483F-9989-1B075DFF9E8B}.Release|Any CPU.ActiveCfg = Release|Any CPU
		{160F8087-3B7C-483F-9989-1B075DFF9E8B}.Release|Any CPU.Build.0 = Release|Any CPU
		{71360A8A-6C59-42AD-B642-524DF56D316D}.Debug|Any CPU.ActiveCfg = Debug|Any CPU
		{71360A8A-6C59-42AD-B642-524DF56D316D}.Debug|Any CPU.Build.0 = Debug|Any CPU
		{71360A8A-6C59-42AD-B642-524DF56D316D}.Release|Any CPU.ActiveCfg = Release|Any CPU
		{71360A8A-6C59-42AD-B642-524DF56D316D}.Release|Any CPU.Build.0 = Release|Any CPU
		{FA13995D-C773-47AE-B4A6-52F99D2DA96E}.Debug|Any CPU.ActiveCfg = Debug|Any CPU
		{FA13995D-C773-47AE-B4A6-52F99D2DA96E}.Debug|Any CPU.Build.0 = Debug|Any CPU
		{FA13995D-C773-47AE-B4A6-52F99D2DA96E}.Release|Any CPU.ActiveCfg = Release|Any CPU
		{FA13995D-C773-47AE-B4A6-52F99D2DA96E}.Release|Any CPU.Build.0 = Release|Any CPU
		{19456D9B-E28C-4F3A-B2BB-AA16155DE358}.Debug|Any CPU.ActiveCfg = Debug|Any CPU
		{19456D9B-E28C-4F3A-B2BB-AA16155DE358}.Debug|Any CPU.Build.0 = Debug|Any CPU
		{19456D9B-E28C-4F3A-B2BB-AA16155DE358}.Release|Any CPU.ActiveCfg = Release|Any CPU
		{19456D9B-E28C-4F3A-B2BB-AA16155DE358}.Release|Any CPU.Build.0 = Release|Any CPU
		{F5641A8F-EBE4-4868-A841-E95088883191}.Debug|Any CPU.ActiveCfg = Debug|Any CPU
		{F5641A8F-EBE4-4868-A841-E95088883191}.Debug|Any CPU.Build.0 = Debug|Any CPU
		{F5641A8F-EBE4-4868-A841-E95088883191}.Release|Any CPU.ActiveCfg = Release|Any CPU
		{F5641A8F-EBE4-4868-A841-E95088883191}.Release|Any CPU.Build.0 = Release|Any CPU
		{7C879331-0C5D-4490-B34F-644DC5C100B5}.Debug|Any CPU.ActiveCfg = Debug|Any CPU
		{7C879331-0C5D-4490-B34F-644DC5C100B5}.Debug|Any CPU.Build.0 = Debug|Any CPU
		{7C879331-0C5D-4490-B34F-644DC5C100B5}.Release|Any CPU.ActiveCfg = Release|Any CPU
		{7C879331-0C5D-4490-B34F-644DC5C100B5}.Release|Any CPU.Build.0 = Release|Any CPU
	EndGlobalSection
EndGlobal
